
Microsoft Visual Studio Solution File, Format Version 12.00
# Visual Studio Version 16
VisualStudioVersion = 16.0.31624.102
MinimumVisualStudioVersion = 10.0.40219.1
Project("{9A19103F-16F7-4668-BE54-9A1E7A4F7556}") = "IdentityServer4APIDemo", "IdentityServer4APIDemo.csproj", "{5669C6BA-FAA3-4C4A-BC00-3D2A287E2474}"
EndProject
Global
	GlobalSection(SolutionConfigurationPlatforms) = preSolution
		Debug|Any CPU = Debug|Any CPU
		Release|Any CPU = Release|Any CPU
	EndGlobalSection
	GlobalSection(ProjectConfigurationPlatforms) = postSolution
		{5669C6BA-FAA3-4C4A-BC00-3D2A287E2474}.Debug|Any CPU.ActiveCfg = Debug|Any CPU
		{5669C6BA-FAA3-4C4A-BC00-3D2A287E2474}.Debug|Any CPU.Build.0 = Debug|Any CPU
		{5669C6BA-FAA3-4C4A-BC00-3D2A287E2474}.Release|Any CPU.ActiveCfg = Release|Any CPU
		{5669C6BA-FAA3-4C4A-BC00-3D2A287E2474}.Release|Any CPU.Build.0 = Release|Any CPU
	EndGlobalSection
	GlobalSection(SolutionProperties) = preSolution
		HideSolutionNode = FALSE
	EndGlobalSection
	GlobalSection(ExtensibilityGlobals) = postSolution
		SolutionGuid = {A0331E85-D7E5-472B-8694-4951DEDF5578}
	EndGlobalSection
EndGlobal
