
Microsoft Visual Studio Solution File, Format Version 12.00
# Visual Studio Version 16
VisualStudioVersion = 16.0.31624.102
MinimumVisualStudioVersion = 10.0.40219.1
Project("{FAE04EC0-301F-11D3-BF4B-00C04F79EFBC}") = "CoreWebAPIDemo", "CoreWebAPIDemo.csproj", "{DA12923F-9D73-4C39-B180-DB260370BCB0}"
EndProject
Global
	GlobalSection(SolutionConfigurationPlatforms) = preSolution
		Debug|Any CPU = Debug|Any CPU
		Release|Any CPU = Release|Any CPU
	EndGlobalSection
	GlobalSection(ProjectConfigurationPlatforms) = postSolution
		{DA12923F-9D73-4C39-B180-DB260370BCB0}.Debug|Any CPU.ActiveCfg = Debug|Any CPU
		{DA12923F-9D73-4C39-B180-DB260370BCB0}.Debug|Any CPU.Build.0 = Debug|Any CPU
		{DA12923F-9D73-4C39-B180-DB260370BCB0}.Release|Any CPU.ActiveCfg = Release|Any CPU
		{DA12923F-9D73-4C39-B180-DB260370BCB0}.Release|Any CPU.Build.0 = Release|Any CPU
	EndGlobalSection
	GlobalSection(SolutionProperties) = preSolution
		HideSolutionNode = FALSE
	EndGlobalSection
	GlobalSection(ExtensibilityGlobals) = postSolution
		SolutionGuid = {715B0065-0E0A-4293-812A-20823DC818F9}
	EndGlobalSection
EndGlobal
