
Microsoft Visual Studio Solution File, Format Version 12.00
# Visual Studio Version 16
VisualStudioVersion = 16.0.30611.23
MinimumVisualStudioVersion = 10.0.40219.1
Project("{9A19103F-16F7-4668-BE54-9A1E7A4F7556}") = "PollingService.Worker", "PollingService.Worker.csproj", "{002B95B6-9D9A-4436-AA5C-0B6C80833118}"
EndProject
Project("{9A19103F-16F7-4668-BE54-9A1E7A4F7556}") = "PollingService.Puller", "..\PollingService.Puller\PollingService.Puller.csproj", "{05DE2E99-8DD4-4E3E-A611-5F5604B641F9}"
EndProject
Project("{9A19103F-16F7-4668-BE54-9A1E7A4F7556}") = "PollingService.Queue", "..\PollingService.Queue\PollingService.Queue.csproj", "{54D5CA8A-68C0-4394-BCE4-70914C58294D}"
EndProject
Project("{9A19103F-16F7-4668-BE54-9A1E7A4F7556}") = "PollingService.Common", "..\PollingService.Common\PollingService.Common.csproj", "{7D68B430-A482-461C-B247-34B613774ED2}"
EndProject
Project("{FAE04EC0-301F-11D3-BF4B-00C04F79EFBC}") = "PollingService.Worker.Tests", "..\PollingService.Worker.Tests\PollingService.Worker.Tests.csproj", "{F13E6703-CED9-470B-BB08-9AE3C2AD4E43}"
EndProject
Global
	GlobalSection(SolutionConfigurationPlatforms) = preSolution
		Debug|Any CPU = Debug|Any CPU
		Release|Any CPU = Release|Any CPU
	EndGlobalSection
	GlobalSection(ProjectConfigurationPlatforms) = postSolution
		{002B95B6-9D9A-4436-AA5C-0B6C80833118}.Debug|Any CPU.ActiveCfg = Debug|Any CPU
		{002B95B6-9D9A-4436-AA5C-0B6C80833118}.Debug|Any CPU.Build.0 = Debug|Any CPU
		{002B95B6-9D9A-4436-AA5C-0B6C80833118}.Release|Any CPU.ActiveCfg = Release|Any CPU
		{002B95B6-9D9A-4436-AA5C-0B6C80833118}.Release|Any CPU.Build.0 = Release|Any CPU
		{05DE2E99-8DD4-4E3E-A611-5F5604B641F9}.Debug|Any CPU.ActiveCfg = Debug|Any CPU
		{05DE2E99-8DD4-4E3E-A611-5F5604B641F9}.Debug|Any CPU.Build.0 = Debug|Any CPU
		{05DE2E99-8DD4-4E3E-A611-5F5604B641F9}.Release|Any CPU.ActiveCfg = Release|Any CPU
		{05DE2E99-8DD4-4E3E-A611-5F5604B641F9}.Release|Any CPU.Build.0 = Release|Any CPU
		{54D5CA8A-68C0-4394-BCE4-70914C58294D}.Debug|Any CPU.ActiveCfg = Debug|Any CPU
		{54D5CA8A-68C0-4394-BCE4-70914C58294D}.Debug|Any CPU.Build.0 = Debug|Any CPU
		{54D5CA8A-68C0-4394-BCE4-70914C58294D}.Release|Any CPU.ActiveCfg = Release|Any CPU
		{54D5CA8A-68C0-4394-BCE4-70914C58294D}.Release|Any CPU.Build.0 = Release|Any CPU
		{7D68B430-A482-461C-B247-34B613774ED2}.Debug|Any CPU.ActiveCfg = Debug|Any CPU
		{7D68B430-A482-461C-B247-34B613774ED2}.Debug|Any CPU.Build.0 = Debug|Any CPU
		{7D68B430-A482-461C-B247-34B613774ED2}.Release|Any CPU.ActiveCfg = Release|Any CPU
		{7D68B430-A482-461C-B247-34B613774ED2}.Release|Any CPU.Build.0 = Release|Any CPU
		{F13E6703-CED9-470B-BB08-9AE3C2AD4E43}.Debug|Any CPU.ActiveCfg = Debug|Any CPU
		{F13E6703-CED9-470B-BB08-9AE3C2AD4E43}.Debug|Any CPU.Build.0 = Debug|Any CPU
		{F13E6703-CED9-470B-BB08-9AE3C2AD4E43}.Release|Any CPU.ActiveCfg = Release|Any CPU
		{F13E6703-CED9-470B-BB08-9AE3C2AD4E43}.Release|Any CPU.Build.0 = Release|Any CPU
	EndGlobalSection
	GlobalSection(SolutionProperties) = preSolution
		HideSolutionNode = FALSE
	EndGlobalSection
	GlobalSection(ExtensibilityGlobals) = postSolution
		SolutionGuid = {99592F91-145A-48EF-9AB9-363400878748}
	EndGlobalSection
EndGlobal
